// !$*UTF8*$!
{
	archiveVersion = 1;
	classes = {
	};
	objectVersion = 56;
	objects = {

/* Begin PBXBuildFile section */
		2AA05B313EEDC59803610B2B /* Pods_Guryihii.framework in Frameworks */ = {isa = PBXBuildFile; fileRef = 1396944936B488F643FF201F /* Pods_Guryihii.framework */; };
		831A0B7A29756855009C7A69 /* NewProjectsViewController.swift in Sources */ = {isa = PBXBuildFile; fileRef = 831A0B7929756855009C7A69 /* NewProjectsViewController.swift */; };
		831A0B7C29756870009C7A69 /* AgentsViewController.swift in Sources */ = {isa = PBXBuildFile; fileRef = 831A0B7B29756870009C7A69 /* AgentsViewController.swift */; };
		831A0B7E29756887009C7A69 /* ProfilesViewController.swift in Sources */ = {isa = PBXBuildFile; fileRef = 831A0B7D29756887009C7A69 /* ProfilesViewController.swift */; };
		831A0B8029756895009C7A69 /* MenuViewController.swift in Sources */ = {isa = PBXBuildFile; fileRef = 831A0B7F29756895009C7A69 /* MenuViewController.swift */; };
		83275FBE2976CB2B00906E5B /* PropertyData.swift in Sources */ = {isa = PBXBuildFile; fileRef = 83275FBD2976CB2B00906E5B /* PropertyData.swift */; };
		83275FC02976CBE700906E5B /* PropertyManager.swift in Sources */ = {isa = PBXBuildFile; fileRef = 83275FBF2976CBE700906E5B /* PropertyManager.swift */; };
		83275FC22976CCE400906E5B /* Constants.swift in Sources */ = {isa = PBXBuildFile; fileRef = 83275FC12976CCE400906E5B /* Constants.swift */; };
		832CF1132975828A004B4A40 /* PropertyModel.swift in Sources */ = {isa = PBXBuildFile; fileRef = 832CF1122975828A004B4A40 /* PropertyModel.swift */; };
		833478D1297851490067A80F /* PropertyDetailsViewController.swift in Sources */ = {isa = PBXBuildFile; fileRef = 833478D0297851490067A80F /* PropertyDetailsViewController.swift */; };
		833478D329785AF80067A80F /* PropertyDetailManager.swift in Sources */ = {isa = PBXBuildFile; fileRef = 833478D229785AF80067A80F /* PropertyDetailManager.swift */; };
		83495AD62976EF1B00F2A70E /* PropertyTableViewCell.swift in Sources */ = {isa = PBXBuildFile; fileRef = 83495AD42976EF1B00F2A70E /* PropertyTableViewCell.swift */; };
		83495AD72976EF1B00F2A70E /* PropertyTableViewCell.xib in Resources */ = {isa = PBXBuildFile; fileRef = 83495AD52976EF1B00F2A70E /* PropertyTableViewCell.xib */; };
		834F06D9296802A4008DECC5 /* AppDelegate.swift in Sources */ = {isa = PBXBuildFile; fileRef = 834F06D8296802A4008DECC5 /* AppDelegate.swift */; };
		834F06DB296802A4008DECC5 /* SceneDelegate.swift in Sources */ = {isa = PBXBuildFile; fileRef = 834F06DA296802A4008DECC5 /* SceneDelegate.swift */; };
		834F06DD296802A4008DECC5 /* PropertiesViewController.swift in Sources */ = {isa = PBXBuildFile; fileRef = 834F06DC296802A4008DECC5 /* PropertiesViewController.swift */; };
		834F06E0296802A4008DECC5 /* Main.storyboard in Resources */ = {isa = PBXBuildFile; fileRef = 834F06DE296802A4008DECC5 /* Main.storyboard */; };
		834F06E2296802A6008DECC5 /* Assets.xcassets in Resources */ = {isa = PBXBuildFile; fileRef = 834F06E1296802A6008DECC5 /* Assets.xcassets */; };
		834F06E5296802A6008DECC5 /* LaunchScreen.storyboard in Resources */ = {isa = PBXBuildFile; fileRef = 834F06E3296802A6008DECC5 /* LaunchScreen.storyboard */; };
		8370898429793A9B0010E4B2 /* iCarousel.m in Sources */ = {isa = PBXBuildFile; fileRef = 8370898229793A9B0010E4B2 /* iCarousel.m */; };
		8370898629793B330010E4B2 /* QuartzCore.framework in Frameworks */ = {isa = PBXBuildFile; fileRef = 8370898529793B330010E4B2 /* QuartzCore.framework */; };
		83E591D92977F1D5003C64CE /* Lato-BlackItalic.ttf in Resources */ = {isa = PBXBuildFile; fileRef = 83E591CE2977F1D5003C64CE /* Lato-BlackItalic.ttf */; };
		83E591DA2977F1D5003C64CE /* Lato-BoldItalic.ttf in Resources */ = {isa = PBXBuildFile; fileRef = 83E591CF2977F1D5003C64CE /* Lato-BoldItalic.ttf */; };
		83E591DB2977F1D5003C64CE /* Lato-Italic.ttf in Resources */ = {isa = PBXBuildFile; fileRef = 83E591D02977F1D5003C64CE /* Lato-Italic.ttf */; };
		83E591DC2977F1D5003C64CE /* Lato-Regular.ttf in Resources */ = {isa = PBXBuildFile; fileRef = 83E591D12977F1D5003C64CE /* Lato-Regular.ttf */; };
		83E591DD2977F1D5003C64CE /* Lato-Thin.ttf in Resources */ = {isa = PBXBuildFile; fileRef = 83E591D22977F1D5003C64CE /* Lato-Thin.ttf */; };
		83E591DE2977F1D5003C64CE /* Lato-Black.ttf in Resources */ = {isa = PBXBuildFile; fileRef = 83E591D32977F1D5003C64CE /* Lato-Black.ttf */; };
		83E591DF2977F1D5003C64CE /* Lato-Light.ttf in Resources */ = {isa = PBXBuildFile; fileRef = 83E591D42977F1D5003C64CE /* Lato-Light.ttf */; };
		83E591E02977F1D5003C64CE /* Lato-LightItalic.ttf in Resources */ = {isa = PBXBuildFile; fileRef = 83E591D52977F1D5003C64CE /* Lato-LightItalic.ttf */; };
		83E591E12977F1D5003C64CE /* OFL.txt in Resources */ = {isa = PBXBuildFile; fileRef = 83E591D62977F1D5003C64CE /* OFL.txt */; };
		83E591E22977F1D5003C64CE /* Lato-Bold.ttf in Resources */ = {isa = PBXBuildFile; fileRef = 83E591D72977F1D5003C64CE /* Lato-Bold.ttf */; };
		83E591E32977F1D5003C64CE /* Lato-ThinItalic.ttf in Resources */ = {isa = PBXBuildFile; fileRef = 83E591D82977F1D5003C64CE /* Lato-ThinItalic.ttf */; };
/* End PBXBuildFile section */

/* Begin PBXFileReference section */
		1396944936B488F643FF201F /* Pods_Guryihii.framework */ = {isa = PBXFileReference; explicitFileType = wrapper.framework; includeInIndex = 0; path = Pods_Guryihii.framework; sourceTree = BUILT_PRODUCTS_DIR; };
		831A0B7929756855009C7A69 /* NewProjectsViewController.swift */ = {isa = PBXFileReference; lastKnownFileType = sourcecode.swift; path = NewProjectsViewController.swift; sourceTree = "<group>"; };
		831A0B7B29756870009C7A69 /* AgentsViewController.swift */ = {isa = PBXFileReference; lastKnownFileType = sourcecode.swift; path = AgentsViewController.swift; sourceTree = "<group>"; };
		831A0B7D29756887009C7A69 /* ProfilesViewController.swift */ = {isa = PBXFileReference; lastKnownFileType = sourcecode.swift; path = ProfilesViewController.swift; sourceTree = "<group>"; };
		831A0B7F29756895009C7A69 /* MenuViewController.swift */ = {isa = PBXFileReference; lastKnownFileType = sourcecode.swift; path = MenuViewController.swift; sourceTree = "<group>"; };
		83275FBD2976CB2B00906E5B /* PropertyData.swift */ = {isa = PBXFileReference; lastKnownFileType = sourcecode.swift; path = PropertyData.swift; sourceTree = "<group>"; };
		83275FBF2976CBE700906E5B /* PropertyManager.swift */ = {isa = PBXFileReference; lastKnownFileType = sourcecode.swift; path = PropertyManager.swift; sourceTree = "<group>"; };
		83275FC12976CCE400906E5B /* Constants.swift */ = {isa = PBXFileReference; lastKnownFileType = sourcecode.swift; path = Constants.swift; sourceTree = "<group>"; };
		832CF1122975828A004B4A40 /* PropertyModel.swift */ = {isa = PBXFileReference; lastKnownFileType = sourcecode.swift; path = PropertyModel.swift; sourceTree = "<group>"; };
		833478D0297851490067A80F /* PropertyDetailsViewController.swift */ = {isa = PBXFileReference; lastKnownFileType = sourcecode.swift; path = PropertyDetailsViewController.swift; sourceTree = "<group>"; };
		833478D229785AF80067A80F /* PropertyDetailManager.swift */ = {isa = PBXFileReference; lastKnownFileType = sourcecode.swift; path = PropertyDetailManager.swift; sourceTree = "<group>"; };
		83495AD42976EF1B00F2A70E /* PropertyTableViewCell.swift */ = {isa = PBXFileReference; lastKnownFileType = sourcecode.swift; path = PropertyTableViewCell.swift; sourceTree = "<group>"; };
		83495AD52976EF1B00F2A70E /* PropertyTableViewCell.xib */ = {isa = PBXFileReference; lastKnownFileType = file.xib; path = PropertyTableViewCell.xib; sourceTree = "<group>"; };
		834F06D5296802A4008DECC5 /* Guryihii.app */ = {isa = PBXFileReference; explicitFileType = wrapper.application; includeInIndex = 0; path = Guryihii.app; sourceTree = BUILT_PRODUCTS_DIR; };
		834F06D8296802A4008DECC5 /* AppDelegate.swift */ = {isa = PBXFileReference; lastKnownFileType = sourcecode.swift; path = AppDelegate.swift; sourceTree = "<group>"; };
		834F06DA296802A4008DECC5 /* SceneDelegate.swift */ = {isa = PBXFileReference; lastKnownFileType = sourcecode.swift; path = SceneDelegate.swift; sourceTree = "<group>"; };
		834F06DC296802A4008DECC5 /* PropertiesViewController.swift */ = {isa = PBXFileReference; lastKnownFileType = sourcecode.swift; path = PropertiesViewController.swift; sourceTree = "<group>"; };
		834F06DF296802A4008DECC5 /* Base */ = {isa = PBXFileReference; lastKnownFileType = file.storyboard; name = Base; path = Base.lproj/Main.storyboard; sourceTree = "<group>"; };
		834F06E1296802A6008DECC5 /* Assets.xcassets */ = {isa = PBXFileReference; lastKnownFileType = folder.assetcatalog; path = Assets.xcassets; sourceTree = "<group>"; };
		834F06E4296802A6008DECC5 /* Base */ = {isa = PBXFileReference; lastKnownFileType = file.storyboard; name = Base; path = Base.lproj/LaunchScreen.storyboard; sourceTree = "<group>"; };
		834F06E6296802A6008DECC5 /* Info.plist */ = {isa = PBXFileReference; lastKnownFileType = text.plist.xml; path = Info.plist; sourceTree = "<group>"; };
		8370898129793A9A0010E4B2 /* Guryihii-Bridging-Header.h */ = {isa = PBXFileReference; lastKnownFileType = sourcecode.c.h; path = "Guryihii-Bridging-Header.h"; sourceTree = "<group>"; };
		8370898229793A9B0010E4B2 /* iCarousel.m */ = {isa = PBXFileReference; fileEncoding = 4; lastKnownFileType = sourcecode.c.objc; path = iCarousel.m; sourceTree = "<group>"; };
		8370898329793A9B0010E4B2 /* iCarousel.h */ = {isa = PBXFileReference; fileEncoding = 4; lastKnownFileType = sourcecode.c.h; path = iCarousel.h; sourceTree = "<group>"; };
		8370898529793B330010E4B2 /* QuartzCore.framework */ = {isa = PBXFileReference; lastKnownFileType = wrapper.framework; name = QuartzCore.framework; path = System/Library/Frameworks/QuartzCore.framework; sourceTree = SDKROOT; };
		83E591CE2977F1D5003C64CE /* Lato-BlackItalic.ttf */ = {isa = PBXFileReference; lastKnownFileType = file; path = "Lato-BlackItalic.ttf"; sourceTree = "<group>"; };
		83E591CF2977F1D5003C64CE /* Lato-BoldItalic.ttf */ = {isa = PBXFileReference; lastKnownFileType = file; path = "Lato-BoldItalic.ttf"; sourceTree = "<group>"; };
		83E591D02977F1D5003C64CE /* Lato-Italic.ttf */ = {isa = PBXFileReference; lastKnownFileType = file; path = "Lato-Italic.ttf"; sourceTree = "<group>"; };
		83E591D12977F1D5003C64CE /* Lato-Regular.ttf */ = {isa = PBXFileReference; lastKnownFileType = file; path = "Lato-Regular.ttf"; sourceTree = "<group>"; };
		83E591D22977F1D5003C64CE /* Lato-Thin.ttf */ = {isa = PBXFileReference; lastKnownFileType = file; path = "Lato-Thin.ttf"; sourceTree = "<group>"; };
		83E591D32977F1D5003C64CE /* Lato-Black.ttf */ = {isa = PBXFileReference; lastKnownFileType = file; path = "Lato-Black.ttf"; sourceTree = "<group>"; };
		83E591D42977F1D5003C64CE /* Lato-Light.ttf */ = {isa = PBXFileReference; lastKnownFileType = file; path = "Lato-Light.ttf"; sourceTree = "<group>"; };
		83E591D52977F1D5003C64CE /* Lato-LightItalic.ttf */ = {isa = PBXFileReference; lastKnownFileType = file; path = "Lato-LightItalic.ttf"; sourceTree = "<group>"; };
		83E591D62977F1D5003C64CE /* OFL.txt */ = {isa = PBXFileReference; fileEncoding = 4; lastKnownFileType = text; path = OFL.txt; sourceTree = "<group>"; };
		83E591D72977F1D5003C64CE /* Lato-Bold.ttf */ = {isa = PBXFileReference; lastKnownFileType = file; path = "Lato-Bold.ttf"; sourceTree = "<group>"; };
		83E591D82977F1D5003C64CE /* Lato-ThinItalic.ttf */ = {isa = PBXFileReference; lastKnownFileType = file; path = "Lato-ThinItalic.ttf"; sourceTree = "<group>"; };
		9AB43ED7C0FA116369DE39BC /* Pods-Guryihii.debug.xcconfig */ = {isa = PBXFileReference; includeInIndex = 1; lastKnownFileType = text.xcconfig; name = "Pods-Guryihii.debug.xcconfig"; path = "Target Support Files/Pods-Guryihii/Pods-Guryihii.debug.xcconfig"; sourceTree = "<group>"; };
		A0D53D1B47F9305BB3350CE4 /* Pods-Guryihii.release.xcconfig */ = {isa = PBXFileReference; includeInIndex = 1; lastKnownFileType = text.xcconfig; name = "Pods-Guryihii.release.xcconfig"; path = "Target Support Files/Pods-Guryihii/Pods-Guryihii.release.xcconfig"; sourceTree = "<group>"; };
/* End PBXFileReference section */

/* Begin PBXFrameworksBuildPhase section */
		834F06D2296802A4008DECC5 /* Frameworks */ = {
			isa = PBXFrameworksBuildPhase;
			buildActionMask = 2147483647;
			files = (
				8370898629793B330010E4B2 /* QuartzCore.framework in Frameworks */,
				2AA05B313EEDC59803610B2B /* Pods_Guryihii.framework in Frameworks */,
			);
			runOnlyForDeploymentPostprocessing = 0;
		};
/* End PBXFrameworksBuildPhase section */

/* Begin PBXGroup section */
		591A238FC5DF9E074D9F06CC /* Frameworks */ = {
			isa = PBXGroup;
			children = (
				8370898529793B330010E4B2 /* QuartzCore.framework */,
				1396944936B488F643FF201F /* Pods_Guryihii.framework */,
			);
			name = Frameworks;
			sourceTree = "<group>";
		};
		832CF10F29758218004B4A40 /* controller */ = {
			isa = PBXGroup;
			children = (
				834F06DC296802A4008DECC5 /* PropertiesViewController.swift */,
				831A0B7929756855009C7A69 /* NewProjectsViewController.swift */,
				831A0B7B29756870009C7A69 /* AgentsViewController.swift */,
				831A0B7D29756887009C7A69 /* ProfilesViewController.swift */,
				831A0B7F29756895009C7A69 /* MenuViewController.swift */,
				833478D0297851490067A80F /* PropertyDetailsViewController.swift */,
			);
			path = controller;
			sourceTree = "<group>";
		};
		832CF11029758239004B4A40 /* view */ = {
			isa = PBXGroup;
			children = (
				834F06DE296802A4008DECC5 /* Main.storyboard */,
				83495AD42976EF1B00F2A70E /* PropertyTableViewCell.swift */,
				83495AD52976EF1B00F2A70E /* PropertyTableViewCell.xib */,
			);
			path = view;
			sourceTree = "<group>";
		};
		832CF1112975825E004B4A40 /* model */ = {
			isa = PBXGroup;
			children = (
				832CF1122975828A004B4A40 /* PropertyModel.swift */,
				83275FBD2976CB2B00906E5B /* PropertyData.swift */,
				83275FBF2976CBE700906E5B /* PropertyManager.swift */,
				833478D229785AF80067A80F /* PropertyDetailManager.swift */,
			);
			path = model;
			sourceTree = "<group>";
		};
		834F06CC296802A4008DECC5 = {
			isa = PBXGroup;
			children = (
				834F06D7296802A4008DECC5 /* Guryihii */,
				834F06D6296802A4008DECC5 /* Products */,
				ECC21B9AF6EB2D77AE96C5B4 /* Pods */,
				591A238FC5DF9E074D9F06CC /* Frameworks */,
			);
			sourceTree = "<group>";
		};
		834F06D6296802A4008DECC5 /* Products */ = {
			isa = PBXGroup;
			children = (
				834F06D5296802A4008DECC5 /* Guryihii.app */,
			);
			name = Products;
			sourceTree = "<group>";
		};
		834F06D7296802A4008DECC5 /* Guryihii */ = {
			isa = PBXGroup;
			children = (
				8370898329793A9B0010E4B2 /* iCarousel.h */,
				8370898229793A9B0010E4B2 /* iCarousel.m */,
				83E591CD2977F13D003C64CE /* fonts */,
				832CF1112975825E004B4A40 /* model */,
				832CF11029758239004B4A40 /* view */,
				832CF10F29758218004B4A40 /* controller */,
				834F06D8296802A4008DECC5 /* AppDelegate.swift */,
				834F06DA296802A4008DECC5 /* SceneDelegate.swift */,
				834F06E1296802A6008DECC5 /* Assets.xcassets */,
				834F06E3296802A6008DECC5 /* LaunchScreen.storyboard */,
				834F06E6296802A6008DECC5 /* Info.plist */,
				83275FC12976CCE400906E5B /* Constants.swift */,
				8370898129793A9A0010E4B2 /* Guryihii-Bridging-Header.h */,
			);
			path = Guryihii;
			sourceTree = "<group>";
		};
		83E591CD2977F13D003C64CE /* fonts */ = {
			isa = PBXGroup;
			children = (
				83E591D32977F1D5003C64CE /* Lato-Black.ttf */,
				83E591CE2977F1D5003C64CE /* Lato-BlackItalic.ttf */,
				83E591D72977F1D5003C64CE /* Lato-Bold.ttf */,
				83E591CF2977F1D5003C64CE /* Lato-BoldItalic.ttf */,
				83E591D02977F1D5003C64CE /* Lato-Italic.ttf */,
				83E591D42977F1D5003C64CE /* Lato-Light.ttf */,
				83E591D52977F1D5003C64CE /* Lato-LightItalic.ttf */,
				83E591D12977F1D5003C64CE /* Lato-Regular.ttf */,
				83E591D22977F1D5003C64CE /* Lato-Thin.ttf */,
				83E591D82977F1D5003C64CE /* Lato-ThinItalic.ttf */,
				83E591D62977F1D5003C64CE /* OFL.txt */,
			);
			path = fonts;
			sourceTree = "<group>";
		};
		ECC21B9AF6EB2D77AE96C5B4 /* Pods */ = {
			isa = PBXGroup;
			children = (
				9AB43ED7C0FA116369DE39BC /* Pods-Guryihii.debug.xcconfig */,
				A0D53D1B47F9305BB3350CE4 /* Pods-Guryihii.release.xcconfig */,
			);
			path = Pods;
			sourceTree = "<group>";
		};
/* End PBXGroup section */

/* Begin PBXNativeTarget section */
		834F06D4296802A4008DECC5 /* Guryihii */ = {
			isa = PBXNativeTarget;
			buildConfigurationList = 834F06E9296802A6008DECC5 /* Build configuration list for PBXNativeTarget "Guryihii" */;
			buildPhases = (
				380558DBC7BF70E12DC1FC08 /* [CP] Check Pods Manifest.lock */,
				834F06D1296802A4008DECC5 /* Sources */,
				834F06D2296802A4008DECC5 /* Frameworks */,
				834F06D3296802A4008DECC5 /* Resources */,
				5E4E640599D7595B773F436A /* [CP] Embed Pods Frameworks */,
			);
			buildRules = (
			);
			dependencies = (
			);
			name = Guryihii;
			productName = Guryihii;
			productReference = 834F06D5296802A4008DECC5 /* Guryihii.app */;
			productType = "com.apple.product-type.application";
		};
/* End PBXNativeTarget section */

/* Begin PBXProject section */
		834F06CD296802A4008DECC5 /* Project object */ = {
			isa = PBXProject;
			attributes = {
				BuildIndependentTargetsInParallel = 1;
				LastSwiftUpdateCheck = 1410;
				LastUpgradeCheck = 1410;
				TargetAttributes = {
					834F06D4296802A4008DECC5 = {
						CreatedOnToolsVersion = 14.1;
						LastSwiftMigration = 1410;
					};
				};
			};
			buildConfigurationList = 834F06D0296802A4008DECC5 /* Build configuration list for PBXProject "Guryihii" */;
			compatibilityVersion = "Xcode 14.0";
			developmentRegion = en;
			hasScannedForEncodings = 0;
			knownRegions = (
				en,
				Base,
			);
			mainGroup = 834F06CC296802A4008DECC5;
			productRefGroup = 834F06D6296802A4008DECC5 /* Products */;
			projectDirPath = "";
			projectRoot = "";
			targets = (
				834F06D4296802A4008DECC5 /* Guryihii */,
			);
		};
/* End PBXProject section */

/* Begin PBXResourcesBuildPhase section */
		834F06D3296802A4008DECC5 /* Resources */ = {
			isa = PBXResourcesBuildPhase;
			buildActionMask = 2147483647;
			files = (
				834F06E5296802A6008DECC5 /* LaunchScreen.storyboard in Resources */,
				83E591DD2977F1D5003C64CE /* Lato-Thin.ttf in Resources */,
				83E591DB2977F1D5003C64CE /* Lato-Italic.ttf in Resources */,
				83E591DF2977F1D5003C64CE /* Lato-Light.ttf in Resources */,
				834F06E2296802A6008DECC5 /* Assets.xcassets in Resources */,
				83E591DC2977F1D5003C64CE /* Lato-Regular.ttf in Resources */,
				83E591D92977F1D5003C64CE /* Lato-BlackItalic.ttf in Resources */,
				83E591E32977F1D5003C64CE /* Lato-ThinItalic.ttf in Resources */,
				83E591E22977F1D5003C64CE /* Lato-Bold.ttf in Resources */,
				83E591E02977F1D5003C64CE /* Lato-LightItalic.ttf in Resources */,
				83E591E12977F1D5003C64CE /* OFL.txt in Resources */,
				83E591DA2977F1D5003C64CE /* Lato-BoldItalic.ttf in Resources */,
				83495AD72976EF1B00F2A70E /* PropertyTableViewCell.xib in Resources */,
				83E591DE2977F1D5003C64CE /* Lato-Black.ttf in Resources */,
				834F06E0296802A4008DECC5 /* Main.storyboard in Resources */,
			);
			runOnlyForDeploymentPostprocessing = 0;
		};
/* End PBXResourcesBuildPhase section */

/* Begin PBXShellScriptBuildPhase section */
		380558DBC7BF70E12DC1FC08 /* [CP] Check Pods Manifest.lock */ = {
			isa = PBXShellScriptBuildPhase;
			buildActionMask = 2147483647;
			files = (
			);
			inputFileListPaths = (
			);
			inputPaths = (
				"${PODS_PODFILE_DIR_PATH}/Podfile.lock",
				"${PODS_ROOT}/Manifest.lock",
			);
			name = "[CP] Check Pods Manifest.lock";
			outputFileListPaths = (
			);
			outputPaths = (
				"$(DERIVED_FILE_DIR)/Pods-Guryihii-checkManifestLockResult.txt",
			);
			runOnlyForDeploymentPostprocessing = 0;
			shellPath = /bin/sh;
			shellScript = "diff \"${PODS_PODFILE_DIR_PATH}/Podfile.lock\" \"${PODS_ROOT}/Manifest.lock\" > /dev/null\nif [ $? != 0 ] ; then\n    # print error to STDERR\n    echo \"error: The sandbox is not in sync with the Podfile.lock. Run 'pod install' or update your CocoaPods installation.\" >&2\n    exit 1\nfi\n# This output is used by Xcode 'outputs' to avoid re-running this script phase.\necho \"SUCCESS\" > \"${SCRIPT_OUTPUT_FILE_0}\"\n";
			showEnvVarsInLog = 0;
		};
		5E4E640599D7595B773F436A /* [CP] Embed Pods Frameworks */ = {
			isa = PBXShellScriptBuildPhase;
			buildActionMask = 2147483647;
			files = (
			);
			inputFileListPaths = (
				"${PODS_ROOT}/Target Support Files/Pods-Guryihii/Pods-Guryihii-frameworks-${CONFIGURATION}-input-files.xcfilelist",
			);
			name = "[CP] Embed Pods Frameworks";
			outputFileListPaths = (
				"${PODS_ROOT}/Target Support Files/Pods-Guryihii/Pods-Guryihii-frameworks-${CONFIGURATION}-output-files.xcfilelist",
			);
			runOnlyForDeploymentPostprocessing = 0;
			shellPath = /bin/sh;
			shellScript = "\"${PODS_ROOT}/Target Support Files/Pods-Guryihii/Pods-Guryihii-frameworks.sh\"\n";
			showEnvVarsInLog = 0;
		};
/* End PBXShellScriptBuildPhase section */

/* Begin PBXSourcesBuildPhase section */
		834F06D1296802A4008DECC5 /* Sources */ = {
			isa = PBXSourcesBuildPhase;
			buildActionMask = 2147483647;
			files = (
				834F06DD296802A4008DECC5 /* PropertiesViewController.swift in Sources */,
				83275FC22976CCE400906E5B /* Constants.swift in Sources */,
				83495AD62976EF1B00F2A70E /* PropertyTableViewCell.swift in Sources */,
				833478D1297851490067A80F /* PropertyDetailsViewController.swift in Sources */,
				831A0B7A29756855009C7A69 /* NewProjectsViewController.swift in Sources */,
				83275FC02976CBE700906E5B /* PropertyManager.swift in Sources */,
				8370898429793A9B0010E4B2 /* iCarousel.m in Sources */,
				831A0B7E29756887009C7A69 /* ProfilesViewController.swift in Sources */,
				834F06D9296802A4008DECC5 /* AppDelegate.swift in Sources */,
				831A0B7C29756870009C7A69 /* AgentsViewController.swift in Sources */,
				83275FBE2976CB2B00906E5B /* PropertyData.swift in Sources */,
				834F06DB296802A4008DECC5 /* SceneDelegate.swift in Sources */,
				832CF1132975828A004B4A40 /* PropertyModel.swift in Sources */,
				831A0B8029756895009C7A69 /* MenuViewController.swift in Sources */,
				833478D329785AF80067A80F /* PropertyDetailManager.swift in Sources */,
			);
			runOnlyForDeploymentPostprocessing = 0;
		};
/* End PBXSourcesBuildPhase section */

/* Begin PBXVariantGroup section */
		834F06DE296802A4008DECC5 /* Main.storyboard */ = {
			isa = PBXVariantGroup;
			children = (
				834F06DF296802A4008DECC5 /* Base */,
			);
			name = Main.storyboard;
			sourceTree = "<group>";
		};
		834F06E3296802A6008DECC5 /* LaunchScreen.storyboard */ = {
			isa = PBXVariantGroup;
			children = (
				834F06E4296802A6008DECC5 /* Base */,
			);
			name = LaunchScreen.storyboard;
			sourceTree = "<group>";
		};
/* End PBXVariantGroup section */

/* Begin XCBuildConfiguration section */
		834F06E7296802A6008DECC5 /* Debug */ = {
			isa = XCBuildConfiguration;
			buildSettings = {
				ALWAYS_SEARCH_USER_PATHS = NO;
				CLANG_ANALYZER_NONNULL = YES;
				CLANG_ANALYZER_NUMBER_OBJECT_CONVERSION = YES_AGGRESSIVE;
				CLANG_CXX_LANGUAGE_STANDARD = "gnu++20";
				CLANG_ENABLE_MODULES = YES;
				CLANG_ENABLE_OBJC_ARC = YES;
				CLANG_ENABLE_OBJC_WEAK = YES;
				CLANG_WARN_BLOCK_CAPTURE_AUTORELEASING = YES;
				CLANG_WARN_BOOL_CONVERSION = YES;
				CLANG_WARN_COMMA = YES;
				CLANG_WARN_CONSTANT_CONVERSION = YES;
				CLANG_WARN_DEPRECATED_OBJC_IMPLEMENTATIONS = YES;
				CLANG_WARN_DIRECT_OBJC_ISA_USAGE = YES_ERROR;
				CLANG_WARN_DOCUMENTATION_COMMENTS = YES;
				CLANG_WARN_EMPTY_BODY = YES;
				CLANG_WARN_ENUM_CONVERSION = YES;
				CLANG_WARN_INFINITE_RECURSION = YES;
				CLANG_WARN_INT_CONVERSION = YES;
				CLANG_WARN_NON_LITERAL_NULL_CONVERSION = YES;
				CLANG_WARN_OBJC_IMPLICIT_RETAIN_SELF = YES;
				CLANG_WARN_OBJC_LITERAL_CONVERSION = YES;
				CLANG_WARN_OBJC_ROOT_CLASS = YES_ERROR;
				CLANG_WARN_QUOTED_INCLUDE_IN_FRAMEWORK_HEADER = YES;
				CLANG_WARN_RANGE_LOOP_ANALYSIS = YES;
				CLANG_WARN_STRICT_PROTOTYPES = YES;
				CLANG_WARN_SUSPICIOUS_MOVE = YES;
				CLANG_WARN_UNGUARDED_AVAILABILITY = YES_AGGRESSIVE;
				CLANG_WARN_UNREACHABLE_CODE = YES;
				CLANG_WARN__DUPLICATE_METHOD_MATCH = YES;
				COPY_PHASE_STRIP = NO;
				DEBUG_INFORMATION_FORMAT = dwarf;
				ENABLE_STRICT_OBJC_MSGSEND = YES;
				ENABLE_TESTABILITY = YES;
				GCC_C_LANGUAGE_STANDARD = gnu11;
				GCC_DYNAMIC_NO_PIC = NO;
				GCC_NO_COMMON_BLOCKS = YES;
				GCC_OPTIMIZATION_LEVEL = 0;
				GCC_PREPROCESSOR_DEFINITIONS = (
					"DEBUG=1",
					"$(inherited)",
				);
				GCC_WARN_64_TO_32_BIT_CONVERSION = YES;
				GCC_WARN_ABOUT_RETURN_TYPE = YES_ERROR;
				GCC_WARN_UNDECLARED_SELECTOR = YES;
				GCC_WARN_UNINITIALIZED_AUTOS = YES_AGGRESSIVE;
				GCC_WARN_UNUSED_FUNCTION = YES;
				GCC_WARN_UNUSED_VARIABLE = YES;
				IPHONEOS_DEPLOYMENT_TARGET = 16.1;
				MTL_ENABLE_DEBUG_INFO = INCLUDE_SOURCE;
				MTL_FAST_MATH = YES;
				ONLY_ACTIVE_ARCH = YES;
				SDKROOT = iphoneos;
				SWIFT_ACTIVE_COMPILATION_CONDITIONS = DEBUG;
				SWIFT_OPTIMIZATION_LEVEL = "-Onone";
			};
			name = Debug;
		};
		834F06E8296802A6008DECC5 /* Release */ = {
			isa = XCBuildConfiguration;
			buildSettings = {
				ALWAYS_SEARCH_USER_PATHS = NO;
				CLANG_ANALYZER_NONNULL = YES;
				CLANG_ANALYZER_NUMBER_OBJECT_CONVERSION = YES_AGGRESSIVE;
				CLANG_CXX_LANGUAGE_STANDARD = "gnu++20";
				CLANG_ENABLE_MODULES = YES;
				CLANG_ENABLE_OBJC_ARC = YES;
				CLANG_ENABLE_OBJC_WEAK = YES;
				CLANG_WARN_BLOCK_CAPTURE_AUTORELEASING = YES;
				CLANG_WARN_BOOL_CONVERSION = YES;
				CLANG_WARN_COMMA = YES;
				CLANG_WARN_CONSTANT_CONVERSION = YES;
				CLANG_WARN_DEPRECATED_OBJC_IMPLEMENTATIONS = YES;
				CLANG_WARN_DIRECT_OBJC_ISA_USAGE = YES_ERROR;
				CLANG_WARN_DOCUMENTATION_COMMENTS = YES;
				CLANG_WARN_EMPTY_BODY = YES;
				CLANG_WARN_ENUM_CONVERSION = YES;
				CLANG_WARN_INFINITE_RECURSION = YES;
				CLANG_WARN_INT_CONVERSION = YES;
				CLANG_WARN_NON_LITERAL_NULL_CONVERSION = YES;
				CLANG_WARN_OBJC_IMPLICIT_RETAIN_SELF = YES;
				CLANG_WARN_OBJC_LITERAL_CONVERSION = YES;
				CLANG_WARN_OBJC_ROOT_CLASS = YES_ERROR;
				CLANG_WARN_QUOTED_INCLUDE_IN_FRAMEWORK_HEADER = YES;
				CLANG_WARN_RANGE_LOOP_ANALYSIS = YES;
				CLANG_WARN_STRICT_PROTOTYPES = YES;
				CLANG_WARN_SUSPICIOUS_MOVE = YES;
				CLANG_WARN_UNGUARDED_AVAILABILITY = YES_AGGRESSIVE;
				CLANG_WARN_UNREACHABLE_CODE = YES;
				CLANG_WARN__DUPLICATE_METHOD_MATCH = YES;
				COPY_PHASE_STRIP = NO;
				DEBUG_INFORMATION_FORMAT = "dwarf-with-dsym";
				ENABLE_NS_ASSERTIONS = NO;
				ENABLE_STRICT_OBJC_MSGSEND = YES;
				GCC_C_LANGUAGE_STANDARD = gnu11;
				GCC_NO_COMMON_BLOCKS = YES;
				GCC_WARN_64_TO_32_BIT_CONVERSION = YES;
				GCC_WARN_ABOUT_RETURN_TYPE = YES_ERROR;
				GCC_WARN_UNDECLARED_SELECTOR = YES;
				GCC_WARN_UNINITIALIZED_AUTOS = YES_AGGRESSIVE;
				GCC_WARN_UNUSED_FUNCTION = YES;
				GCC_WARN_UNUSED_VARIABLE = YES;
				IPHONEOS_DEPLOYMENT_TARGET = 16.1;
				MTL_ENABLE_DEBUG_INFO = NO;
				MTL_FAST_MATH = YES;
				SDKROOT = iphoneos;
				SWIFT_COMPILATION_MODE = wholemodule;
				SWIFT_OPTIMIZATION_LEVEL = "-O";
				VALIDATE_PRODUCT = YES;
			};
			name = Release;
		};
		834F06EA296802A6008DECC5 /* Debug */ = {
			isa = XCBuildConfiguration;
			baseConfigurationReference = 9AB43ED7C0FA116369DE39BC /* Pods-Guryihii.debug.xcconfig */;
			buildSettings = {
				ASSETCATALOG_COMPILER_APPICON_NAME = AppIcon;
				ASSETCATALOG_COMPILER_GLOBAL_ACCENT_COLOR_NAME = AccentColor;
				CLANG_ENABLE_MODULES = YES;
				CODE_SIGN_STYLE = Automatic;
				CURRENT_PROJECT_VERSION = 1;
				DEVELOPMENT_TEAM = C9J9FN2H22;
				GENERATE_INFOPLIST_FILE = YES;
				INFOPLIST_FILE = Guryihii/Info.plist;
				INFOPLIST_KEY_UIApplicationSupportsIndirectInputEvents = YES;
				INFOPLIST_KEY_UILaunchStoryboardName = LaunchScreen;
				INFOPLIST_KEY_UIMainStoryboardFile = Main;
				INFOPLIST_KEY_UISupportedInterfaceOrientations_iPad = "UIInterfaceOrientationPortrait UIInterfaceOrientationPortraitUpsideDown UIInterfaceOrientationLandscapeLeft UIInterfaceOrientationLandscapeRight";
				INFOPLIST_KEY_UISupportedInterfaceOrientations_iPhone = "UIInterfaceOrientationPortrait UIInterfaceOrientationLandscapeLeft UIInterfaceOrientationLandscapeRight";
				LD_RUNPATH_SEARCH_PATHS = (
					"$(inherited)",
					"@executable_path/Frameworks",
				);
				MARKETING_VERSION = 1.0;
				PRODUCT_BUNDLE_IDENTIFIER = com.guryihii.Guryihii;
				PRODUCT_NAME = "$(TARGET_NAME)";
				SWIFT_EMIT_LOC_STRINGS = YES;
				SWIFT_OBJC_BRIDGING_HEADER = "Guryihii/Guryihii-Bridging-Header.h";
				SWIFT_OPTIMIZATION_LEVEL = "-Onone";
				SWIFT_VERSION = 5.0;
				TARGETED_DEVICE_FAMILY = "1,2";
			};
			name = Debug;
		};
		834F06EB296802A6008DECC5 /* Release */ = {
			isa = XCBuildConfiguration;
			baseConfigurationReference = A0D53D1B47F9305BB3350CE4 /* Pods-Guryihii.release.xcconfig */;
			buildSettings = {
				ASSETCATALOG_COMPILER_APPICON_NAME = AppIcon;
				ASSETCATALOG_COMPILER_GLOBAL_ACCENT_COLOR_NAME = AccentColor;
				CLANG_ENABLE_MODULES = YES;
				CODE_SIGN_STYLE = Automatic;
				CURRENT_PROJECT_VERSION = 1;
				DEVELOPMENT_TEAM = C9J9FN2H22;
				GENERATE_INFOPLIST_FILE = YES;
				INFOPLIST_FILE = Guryihii/Info.plist;
				INFOPLIST_KEY_UIApplicationSupportsIndirectInputEvents = YES;
				INFOPLIST_KEY_UILaunchStoryboardName = LaunchScreen;
				INFOPLIST_KEY_UIMainStoryboardFile = Main;
				INFOPLIST_KEY_UISupportedInterfaceOrientations_iPad = "UIInterfaceOrientationPortrait UIInterfaceOrientationPortraitUpsideDown UIInterfaceOrientationLandscapeLeft UIInterfaceOrientationLandscapeRight";
				INFOPLIST_KEY_UISupportedInterfaceOrientations_iPhone = "UIInterfaceOrientationPortrait UIInterfaceOrientationLandscapeLeft UIInterfaceOrientationLandscapeRight";
				LD_RUNPATH_SEARCH_PATHS = (
					"$(inherited)",
					"@executable_path/Frameworks",
				);
				MARKETING_VERSION = 1.0;
				PRODUCT_BUNDLE_IDENTIFIER = com.guryihii.Guryihii;
				PRODUCT_NAME = "$(TARGET_NAME)";
				SWIFT_EMIT_LOC_STRINGS = YES;
				SWIFT_OBJC_BRIDGING_HEADER = "Guryihii/Guryihii-Bridging-Header.h";
				SWIFT_VERSION = 5.0;
				TARGETED_DEVICE_FAMILY = "1,2";
			};
			name = Release;
		};
/* End XCBuildConfiguration section */

/* Begin XCConfigurationList section */
		834F06D0296802A4008DECC5 /* Build configuration list for PBXProject "Guryihii" */ = {
			isa = XCConfigurationList;
			buildConfigurations = (
				834F06E7296802A6008DECC5 /* Debug */,
				834F06E8296802A6008DECC5 /* Release */,
			);
			defaultConfigurationIsVisible = 0;
			defaultConfigurationName = Release;
		};
		834F06E9296802A6008DECC5 /* Build configuration list for PBXNativeTarget "Guryihii" */ = {
			isa = XCConfigurationList;
			buildConfigurations = (
				834F06EA296802A6008DECC5 /* Debug */,
				834F06EB296802A6008DECC5 /* Release */,
			);
			defaultConfigurationIsVisible = 0;
			defaultConfigurationName = Release;
		};
/* End XCConfigurationList section */
	};
	rootObject = 834F06CD296802A4008DECC5 /* Project object */;
}
